
Microsoft Visual Studio Solution File, Format Version 12.00
# Visual Studio Version 17
VisualStudioVersion = 17.8.34525.116
MinimumVisualStudioVersion = 10.0.40219.1
Project("{FAE04EC0-301F-11D3-BF4B-00C04F79EFBC}") = "exerc6.2", "exerc6.2\exerc6.2.csproj", "{15D8CEFD-EFEB-43E8-B11F-A03EA38F100C}"
EndProject
Global
	GlobalSection(SolutionConfigurationPlatforms) = preSolution
		Debug|Any CPU = Debug|Any CPU
		Release|Any CPU = Release|Any CPU
	EndGlobalSection
	GlobalSection(ProjectConfigurationPlatforms) = postSolution
		{15D8CEFD-EFEB-43E8-B11F-A03EA38F100C}.Debug|Any CPU.ActiveCfg = Debug|Any CPU
		{15D8CEFD-EFEB-43E8-B11F-A03EA38F100C}.Debug|Any CPU.Build.0 = Debug|Any CPU
		{15D8CEFD-EFEB-43E8-B11F-A03EA38F100C}.Release|Any CPU.ActiveCfg = Release|Any CPU
		{15D8CEFD-EFEB-43E8-B11F-A03EA38F100C}.Release|Any CPU.Build.0 = Release|Any CPU
	EndGlobalSection
	GlobalSection(SolutionProperties) = preSolution
		HideSolutionNode = FALSE
	EndGlobalSection
	GlobalSection(ExtensibilityGlobals) = postSolution
		SolutionGuid = {708B0C07-E62E-46E3-97BF-3FEB80490C7A}
	EndGlobalSection
EndGlobal
